
Microsoft Visual Studio Solution File, Format Version 12.00
# Visual Studio Version 16
VisualStudioVersion = 16.0.31702.278
MinimumVisualStudioVersion = 10.0.40219.1
Project("{9A19103F-16F7-4668-BE54-9A1E7A4F7556}") = "TeachMeSkills.Kaloska.Homework1", "src\TeachMeSkills.Kaloska.Homework1\TeachMeSkills.Kaloska.Homework1.csproj", "{35BB53BC-8955-4C1F-AE43-67DC230D4BDF}"
EndProject
Project("{9A19103F-16F7-4668-BE54-9A1E7A4F7556}") = "TeachMeSkills.Kaloska.Homework3_1", "src\TeachMeSkills.Kaloska.Homework3_1\TeachMeSkills.Kaloska.Homework3_1.csproj", "{550C7284-BEE7-4302-95BF-326308B26773}"
EndProject
Project("{FAE04EC0-301F-11D3-BF4B-00C04F79EFBC}") = "TeachMeSkills.Kaloska.Homework7", "src\TeachMeSkills.Kaloska.Homework7\TeachMeSkills.Kaloska.Homework7.csproj", "{261881BF-1C93-4A05-861F-C66769A319C4}"
Project("{FAE04EC0-301F-11D3-BF4B-00C04F79EFBC}") = "TeachMeSkills.Kaloska.Homework6", "src\TeachMeSkills.Kaloska.Homework6\TeachMeSkills.Kaloska.Homework6.csproj", "{E7CE3E49-DFA5-46E3-8F09-72E80FEB046F}"
Project("{FAE04EC0-301F-11D3-BF4B-00C04F79EFBC}") = "TeachMeSkills.Kaloska.Homework5", "src\TeachMeSkills.Kaloska.Homework5\TeachMeSkills.Kaloska.Homework5.csproj", "{B3CEA2D6-091C-4075-A1B0-1D0A3201ABE4}"
Project("{FAE04EC0-301F-11D3-BF4B-00C04F79EFBC}") = "TeachMeSkills.Kaloska.Homework4", "src\TeachMeSkills.Kaloska.Homework4\TeachMeSkills.Kaloska.Homework4.csproj", "{D7790D25-D68F-4EE8-A22B-4695A5C5F59D}"
EndProject
Global
	GlobalSection(SolutionConfigurationPlatforms) = preSolution
		Debug|Any CPU = Debug|Any CPU
		Release|Any CPU = Release|Any CPU
	EndGlobalSection
	GlobalSection(ProjectConfigurationPlatforms) = postSolution
		{35BB53BC-8955-4C1F-AE43-67DC230D4BDF}.Debug|Any CPU.ActiveCfg = Debug|Any CPU
		{35BB53BC-8955-4C1F-AE43-67DC230D4BDF}.Debug|Any CPU.Build.0 = Debug|Any CPU
		{35BB53BC-8955-4C1F-AE43-67DC230D4BDF}.Release|Any CPU.ActiveCfg = Release|Any CPU
		{35BB53BC-8955-4C1F-AE43-67DC230D4BDF}.Release|Any CPU.Build.0 = Release|Any CPU
		{550C7284-BEE7-4302-95BF-326308B26773}.Debug|Any CPU.ActiveCfg = Debug|Any CPU
		{550C7284-BEE7-4302-95BF-326308B26773}.Debug|Any CPU.Build.0 = Debug|Any CPU
		{550C7284-BEE7-4302-95BF-326308B26773}.Release|Any CPU.ActiveCfg = Release|Any CPU
		{550C7284-BEE7-4302-95BF-326308B26773}.Release|Any CPU.Build.0 = Release|Any CPU
		{261881BF-1C93-4A05-861F-C66769A319C4}.Debug|Any CPU.ActiveCfg = Debug|Any CPU
		{261881BF-1C93-4A05-861F-C66769A319C4}.Debug|Any CPU.Build.0 = Debug|Any CPU
		{261881BF-1C93-4A05-861F-C66769A319C4}.Release|Any CPU.ActiveCfg = Release|Any CPU
		{261881BF-1C93-4A05-861F-C66769A319C4}.Release|Any CPU.Build.0 = Release|Any CPU
		{E7CE3E49-DFA5-46E3-8F09-72E80FEB046F}.Debug|Any CPU.ActiveCfg = Debug|Any CPU
		{E7CE3E49-DFA5-46E3-8F09-72E80FEB046F}.Debug|Any CPU.Build.0 = Debug|Any CPU
		{E7CE3E49-DFA5-46E3-8F09-72E80FEB046F}.Release|Any CPU.ActiveCfg = Release|Any CPU
		{E7CE3E49-DFA5-46E3-8F09-72E80FEB046F}.Release|Any CPU.Build.0 = Release|Any CPU
		{B3CEA2D6-091C-4075-A1B0-1D0A3201ABE4}.Debug|Any CPU.ActiveCfg = Debug|Any CPU
		{B3CEA2D6-091C-4075-A1B0-1D0A3201ABE4}.Debug|Any CPU.Build.0 = Debug|Any CPU
		{B3CEA2D6-091C-4075-A1B0-1D0A3201ABE4}.Release|Any CPU.ActiveCfg = Release|Any CPU
		{B3CEA2D6-091C-4075-A1B0-1D0A3201ABE4}.Release|Any CPU.Build.0 = Release|Any CPU
		{D7790D25-D68F-4EE8-A22B-4695A5C5F59D}.Debug|Any CPU.ActiveCfg = Debug|Any CPU
		{D7790D25-D68F-4EE8-A22B-4695A5C5F59D}.Debug|Any CPU.Build.0 = Debug|Any CPU
		{D7790D25-D68F-4EE8-A22B-4695A5C5F59D}.Release|Any CPU.ActiveCfg = Release|Any CPU
		{D7790D25-D68F-4EE8-A22B-4695A5C5F59D}.Release|Any CPU.Build.0 = Release|Any CPU
	EndGlobalSection
	GlobalSection(SolutionProperties) = preSolution
		HideSolutionNode = FALSE
	EndGlobalSection
	GlobalSection(ExtensibilityGlobals) = postSolution
		SolutionGuid = {F47B6328-E5C2-401F-B981-603DE04913FE}
	EndGlobalSection
EndGlobal
