
Microsoft Visual Studio Solution File, Format Version 12.00
# Visual Studio Version 16
VisualStudioVersion = 16.0.31702.278
MinimumVisualStudioVersion = 10.0.40219.1
Project("{FAE04EC0-301F-11D3-BF4B-00C04F79EFBC}") = "TeachMeSkills.Kaloska.Homework2", "TeachMeSkills.Kaloska.Homework2\TeachMeSkills.Kaloska.Homework2.csproj", "{5FBF7474-222F-4B45-BE75-1B46AAE0338F}"
EndProject
Global
	GlobalSection(SolutionConfigurationPlatforms) = preSolution
		Debug|Any CPU = Debug|Any CPU
		Release|Any CPU = Release|Any CPU
	EndGlobalSection
	GlobalSection(ProjectConfigurationPlatforms) = postSolution
		{5FBF7474-222F-4B45-BE75-1B46AAE0338F}.Debug|Any CPU.ActiveCfg = Debug|Any CPU
		{5FBF7474-222F-4B45-BE75-1B46AAE0338F}.Debug|Any CPU.Build.0 = Debug|Any CPU
		{5FBF7474-222F-4B45-BE75-1B46AAE0338F}.Release|Any CPU.ActiveCfg = Release|Any CPU
		{5FBF7474-222F-4B45-BE75-1B46AAE0338F}.Release|Any CPU.Build.0 = Release|Any CPU
	EndGlobalSection
	GlobalSection(SolutionProperties) = preSolution
		HideSolutionNode = FALSE
	EndGlobalSection
	GlobalSection(ExtensibilityGlobals) = postSolution
		SolutionGuid = {25ED3A27-11E8-4D38-941D-3A3217BFCB53}
	EndGlobalSection
EndGlobal
